
Microsoft Visual Studio Solution File, Format Version 12.00
# Visual Studio Version 17
VisualStudioVersion = 17.0.31423.177
MinimumVisualStudioVersion = 10.0.40219.1
Project("{FAE04EC0-301F-11D3-BF4B-00C04F79EFBC}") = "ppedv.MovieThemeCollector.Contracts", "ppedv.MovieThemeCollector.Contracts\ppedv.MovieThemeCollector.Contracts.csproj", "{230C7658-11DC-4175-84CF-FABCD0E0FCB3}"
EndProject
Project("{FAE04EC0-301F-11D3-BF4B-00C04F79EFBC}") = "ppedv.MovieThemeCollector.Data.EFCore", "ppedv.MovieThemeCollector.Data.EFCore\ppedv.MovieThemeCollector.Data.EFCore.csproj", "{C8632945-D920-454C-A524-E3092ED8B43D}"
EndProject
Project("{FAE04EC0-301F-11D3-BF4B-00C04F79EFBC}") = "ppedv.MovieThemeCollector.Data.EFCore.Tests", "ppedv.MovieThemeCollector.Data.EFCore.Tests\ppedv.MovieThemeCollector.Data.EFCore.Tests.csproj", "{45A8C1DD-E85B-419E-B3AE-D3683E091A95}"
EndProject
Project("{FAE04EC0-301F-11D3-BF4B-00C04F79EFBC}") = "ppedv.MovieThemeCollector.Device.ACME", "ppedv.MovieThemeCollector.Device.ACME\ppedv.MovieThemeCollector.Device.ACME.csproj", "{F252500B-2854-45DE-8D7F-6A5D13471673}"
EndProject
Project("{FAE04EC0-301F-11D3-BF4B-00C04F79EFBC}") = "ppedv.MovieThemeCollector.Device.ACME.Tests", "ppedv.MovieThemeCollector.Device.ACME.Tests\ppedv.MovieThemeCollector.Device.ACME.Tests.csproj", "{203DB939-72EB-49EE-A83E-14CF83C1B976}"
EndProject
Project("{FAE04EC0-301F-11D3-BF4B-00C04F79EFBC}") = "ppedv.MovieThemeCollector.Common", "ppedv.MovieThemeCollector.Common\ppedv.MovieThemeCollector.Common.csproj", "{84F748BE-0C59-414F-9C91-B7F6E1B28B3B}"
EndProject
Project("{2150E333-8FDC-42A3-9474-1A3956D46DE8}") = "Devices", "Devices", "{B4A99149-12FB-43A7-ABD4-2D35B27C2CB7}"
EndProject
Project("{2150E333-8FDC-42A3-9474-1A3956D46DE8}") = "Data", "Data", "{6ED3FB7D-679F-4031-8465-03A67E3EB6F6}"
EndProject
Project("{FAE04EC0-301F-11D3-BF4B-00C04F79EFBC}") = "ppedv.MovieThemeCollector.Logic", "ppedv.MovieThemeCollector.Logic\ppedv.MovieThemeCollector.Logic.csproj", "{61CB951C-E5DD-4939-BF6A-663223D36A54}"
EndProject
Project("{FAE04EC0-301F-11D3-BF4B-00C04F79EFBC}") = "ppedv.MovieThemeCollector.UI.DevConsole", "ppedv.MovieThemeCollector.UI.DevConsole\ppedv.MovieThemeCollector.UI.DevConsole.csproj", "{39AFE9C2-B0C2-4C69-883C-ED393059020A}"
EndProject
Global
	GlobalSection(SolutionConfigurationPlatforms) = preSolution
		Debug|Any CPU = Debug|Any CPU
		Release|Any CPU = Release|Any CPU
	EndGlobalSection
	GlobalSection(ProjectConfigurationPlatforms) = postSolution
		{230C7658-11DC-4175-84CF-FABCD0E0FCB3}.Debug|Any CPU.ActiveCfg = Debug|Any CPU
		{230C7658-11DC-4175-84CF-FABCD0E0FCB3}.Debug|Any CPU.Build.0 = Debug|Any CPU
		{230C7658-11DC-4175-84CF-FABCD0E0FCB3}.Release|Any CPU.ActiveCfg = Release|Any CPU
		{230C7658-11DC-4175-84CF-FABCD0E0FCB3}.Release|Any CPU.Build.0 = Release|Any CPU
		{C8632945-D920-454C-A524-E3092ED8B43D}.Debug|Any CPU.ActiveCfg = Debug|Any CPU
		{C8632945-D920-454C-A524-E3092ED8B43D}.Debug|Any CPU.Build.0 = Debug|Any CPU
		{C8632945-D920-454C-A524-E3092ED8B43D}.Release|Any CPU.ActiveCfg = Release|Any CPU
		{C8632945-D920-454C-A524-E3092ED8B43D}.Release|Any CPU.Build.0 = Release|Any CPU
		{45A8C1DD-E85B-419E-B3AE-D3683E091A95}.Debug|Any CPU.ActiveCfg = Debug|Any CPU
		{45A8C1DD-E85B-419E-B3AE-D3683E091A95}.Debug|Any CPU.Build.0 = Debug|Any CPU
		{45A8C1DD-E85B-419E-B3AE-D3683E091A95}.Release|Any CPU.ActiveCfg = Release|Any CPU
		{45A8C1DD-E85B-419E-B3AE-D3683E091A95}.Release|Any CPU.Build.0 = Release|Any CPU
		{F252500B-2854-45DE-8D7F-6A5D13471673}.Debug|Any CPU.ActiveCfg = Debug|Any CPU
		{F252500B-2854-45DE-8D7F-6A5D13471673}.Debug|Any CPU.Build.0 = Debug|Any CPU
		{F252500B-2854-45DE-8D7F-6A5D13471673}.Release|Any CPU.ActiveCfg = Release|Any CPU
		{F252500B-2854-45DE-8D7F-6A5D13471673}.Release|Any CPU.Build.0 = Release|Any CPU
		{203DB939-72EB-49EE-A83E-14CF83C1B976}.Debug|Any CPU.ActiveCfg = Debug|Any CPU
		{203DB939-72EB-49EE-A83E-14CF83C1B976}.Debug|Any CPU.Build.0 = Debug|Any CPU
		{203DB939-72EB-49EE-A83E-14CF83C1B976}.Release|Any CPU.ActiveCfg = Release|Any CPU
		{203DB939-72EB-49EE-A83E-14CF83C1B976}.Release|Any CPU.Build.0 = Release|Any CPU
		{84F748BE-0C59-414F-9C91-B7F6E1B28B3B}.Debug|Any CPU.ActiveCfg = Debug|Any CPU
		{84F748BE-0C59-414F-9C91-B7F6E1B28B3B}.Debug|Any CPU.Build.0 = Debug|Any CPU
		{84F748BE-0C59-414F-9C91-B7F6E1B28B3B}.Release|Any CPU.ActiveCfg = Release|Any CPU
		{84F748BE-0C59-414F-9C91-B7F6E1B28B3B}.Release|Any CPU.Build.0 = Release|Any CPU
		{61CB951C-E5DD-4939-BF6A-663223D36A54}.Debug|Any CPU.ActiveCfg = Debug|Any CPU
		{61CB951C-E5DD-4939-BF6A-663223D36A54}.Debug|Any CPU.Build.0 = Debug|Any CPU
		{61CB951C-E5DD-4939-BF6A-663223D36A54}.Release|Any CPU.ActiveCfg = Release|Any CPU
		{61CB951C-E5DD-4939-BF6A-663223D36A54}.Release|Any CPU.Build.0 = Release|Any CPU
		{39AFE9C2-B0C2-4C69-883C-ED393059020A}.Debug|Any CPU.ActiveCfg = Debug|Any CPU
		{39AFE9C2-B0C2-4C69-883C-ED393059020A}.Debug|Any CPU.Build.0 = Debug|Any CPU
		{39AFE9C2-B0C2-4C69-883C-ED393059020A}.Release|Any CPU.ActiveCfg = Release|Any CPU
		{39AFE9C2-B0C2-4C69-883C-ED393059020A}.Release|Any CPU.Build.0 = Release|Any CPU
	EndGlobalSection
	GlobalSection(SolutionProperties) = preSolution
		HideSolutionNode = FALSE
	EndGlobalSection
	GlobalSection(NestedProjects) = preSolution
		{C8632945-D920-454C-A524-E3092ED8B43D} = {6ED3FB7D-679F-4031-8465-03A67E3EB6F6}
		{45A8C1DD-E85B-419E-B3AE-D3683E091A95} = {6ED3FB7D-679F-4031-8465-03A67E3EB6F6}
		{F252500B-2854-45DE-8D7F-6A5D13471673} = {B4A99149-12FB-43A7-ABD4-2D35B27C2CB7}
		{203DB939-72EB-49EE-A83E-14CF83C1B976} = {B4A99149-12FB-43A7-ABD4-2D35B27C2CB7}
	EndGlobalSection
	GlobalSection(ExtensibilityGlobals) = postSolution
		SolutionGuid = {1C607205-6F36-4318-9533-2FE9353B0DE4}
	EndGlobalSection
EndGlobal
